
Microsoft Visual Studio Solution File, Format Version 12.00
# Visual Studio Version 17
VisualStudioVersion = 17.3.32825.248
MinimumVisualStudioVersion = 10.0.40219.1
Project("{FAE04EC0-301F-11D3-BF4B-00C04F79EFBC}") = "gh", "gh\gh.csproj", "{12A123DB-761D-4DC9-AFAB-F171B3C4F593}"
EndProject
Global
	GlobalSection(SolutionConfigurationPlatforms) = preSolution
		Debug|Any CPU = Debug|Any CPU
		Release|Any CPU = Release|Any CPU
	EndGlobalSection
	GlobalSection(ProjectConfigurationPlatforms) = postSolution
		{12A123DB-761D-4DC9-AFAB-F171B3C4F593}.Debug|Any CPU.ActiveCfg = Debug|Any CPU
		{12A123DB-761D-4DC9-AFAB-F171B3C4F593}.Debug|Any CPU.Build.0 = Debug|Any CPU
		{12A123DB-761D-4DC9-AFAB-F171B3C4F593}.Release|Any CPU.ActiveCfg = Release|Any CPU
		{12A123DB-761D-4DC9-AFAB-F171B3C4F593}.Release|Any CPU.Build.0 = Release|Any CPU
	EndGlobalSection
	GlobalSection(SolutionProperties) = preSolution
		HideSolutionNode = FALSE
	EndGlobalSection
	GlobalSection(ExtensibilityGlobals) = postSolution
		SolutionGuid = {31EDE2EF-9DDD-4DEC-B0B5-A728181109C3}
	EndGlobalSection
EndGlobal
